
Microsoft Visual Studio Solution File, Format Version 12.00
# Visual Studio Version 16
VisualStudioVersion = 16.0.31321.278
MinimumVisualStudioVersion = 10.0.40219.1
Project("{FAE04EC0-301F-11D3-BF4B-00C04F79EFBC}") = "Tip calculataor", "Tip calculataor\Tip calculataor.csproj", "{5603974A-838F-4730-8DCF-87FE06F01111}"
EndProject
Global
	GlobalSection(SolutionConfigurationPlatforms) = preSolution
		Debug|Any CPU = Debug|Any CPU
		Release|Any CPU = Release|Any CPU
	EndGlobalSection
	GlobalSection(ProjectConfigurationPlatforms) = postSolution
		{5603974A-838F-4730-8DCF-87FE06F01111}.Debug|Any CPU.ActiveCfg = Debug|Any CPU
		{5603974A-838F-4730-8DCF-87FE06F01111}.Debug|Any CPU.Build.0 = Debug|Any CPU
		{5603974A-838F-4730-8DCF-87FE06F01111}.Release|Any CPU.ActiveCfg = Release|Any CPU
		{5603974A-838F-4730-8DCF-87FE06F01111}.Release|Any CPU.Build.0 = Release|Any CPU
	EndGlobalSection
	GlobalSection(SolutionProperties) = preSolution
		HideSolutionNode = FALSE
	EndGlobalSection
	GlobalSection(ExtensibilityGlobals) = postSolution
		SolutionGuid = {FE57996F-A88D-4763-81F5-C1AAD61C12D8}
	EndGlobalSection
EndGlobal
